
Microsoft Visual Studio Solution File, Format Version 12.00
# Visual Studio 2012
Project("{FAE04EC0-301F-11D3-BF4B-00C04F79EFBC}") = "FinalLabTaskProblem2", "FinalLabTaskProblem2\FinalLabTaskProblem2.csproj", "{0C9E2A46-2E1C-4435-B22B-9576EDB57415}"
EndProject
Global
	GlobalSection(SolutionConfigurationPlatforms) = preSolution
		Debug|Any CPU = Debug|Any CPU
		Release|Any CPU = Release|Any CPU
	EndGlobalSection
	GlobalSection(ProjectConfigurationPlatforms) = postSolution
		{0C9E2A46-2E1C-4435-B22B-9576EDB57415}.Debug|Any CPU.ActiveCfg = Debug|Any CPU
		{0C9E2A46-2E1C-4435-B22B-9576EDB57415}.Debug|Any CPU.Build.0 = Debug|Any CPU
		{0C9E2A46-2E1C-4435-B22B-9576EDB57415}.Release|Any CPU.ActiveCfg = Release|Any CPU
		{0C9E2A46-2E1C-4435-B22B-9576EDB57415}.Release|Any CPU.Build.0 = Release|Any CPU
	EndGlobalSection
	GlobalSection(SolutionProperties) = preSolution
		HideSolutionNode = FALSE
	EndGlobalSection
EndGlobal
